// !$*UTF8*$!
{
	archiveVersion = 1;
	classes = {
	};
	objectVersion = 56;
	objects = {

/* Begin PBXBuildFile section */
		895074C42A02BA5F00C1505C /* AppDelegate.swift in Sources */ = {isa = PBXBuildFile; fileRef = 895074C32A02BA5F00C1505C /* AppDelegate.swift */; };
		895074C62A02BA5F00C1505C /* SceneDelegate.swift in Sources */ = {isa = PBXBuildFile; fileRef = 895074C52A02BA5F00C1505C /* SceneDelegate.swift */; };
		895074C82A02BA5F00C1505C /* ViewController.swift in Sources */ = {isa = PBXBuildFile; fileRef = 895074C72A02BA5F00C1505C /* ViewController.swift */; };
		895074CB2A02BA5F00C1505C /* Main.storyboard in Resources */ = {isa = PBXBuildFile; fileRef = 895074C92A02BA5F00C1505C /* Main.storyboard */; };
		895074CE2A02BA5F00C1505C /* iSwiftNews.xcdatamodeld in Sources */ = {isa = PBXBuildFile; fileRef = 895074CC2A02BA5F00C1505C /* iSwiftNews.xcdatamodeld */; };
		895074D02A02BA6000C1505C /* Assets.xcassets in Resources */ = {isa = PBXBuildFile; fileRef = 895074CF2A02BA6000C1505C /* Assets.xcassets */; };
		895074D32A02BA6000C1505C /* LaunchScreen.storyboard in Resources */ = {isa = PBXBuildFile; fileRef = 895074D12A02BA6000C1505C /* LaunchScreen.storyboard */; };
/* End PBXBuildFile section */

/* Begin PBXFileReference section */
		895074C02A02BA5F00C1505C /* iSwiftNews.app */ = {isa = PBXFileReference; explicitFileType = wrapper.application; includeInIndex = 0; path = iSwiftNews.app; sourceTree = BUILT_PRODUCTS_DIR; };
		895074C32A02BA5F00C1505C /* AppDelegate.swift */ = {isa = PBXFileReference; lastKnownFileType = sourcecode.swift; path = AppDelegate.swift; sourceTree = "<group>"; };
		895074C52A02BA5F00C1505C /* SceneDelegate.swift */ = {isa = PBXFileReference; lastKnownFileType = sourcecode.swift; path = SceneDelegate.swift; sourceTree = "<group>"; };
		895074C72A02BA5F00C1505C /* ViewController.swift */ = {isa = PBXFileReference; lastKnownFileType = sourcecode.swift; path = ViewController.swift; sourceTree = "<group>"; };
		895074CA2A02BA5F00C1505C /* Base */ = {isa = PBXFileReference; lastKnownFileType = file.storyboard; name = Base; path = Base.lproj/Main.storyboard; sourceTree = "<group>"; };
		895074CD2A02BA5F00C1505C /* iSwiftNews.xcdatamodel */ = {isa = PBXFileReference; lastKnownFileType = wrapper.xcdatamodel; path = iSwiftNews.xcdatamodel; sourceTree = "<group>"; };
		895074CF2A02BA6000C1505C /* Assets.xcassets */ = {isa = PBXFileReference; lastKnownFileType = folder.assetcatalog; path = Assets.xcassets; sourceTree = "<group>"; };
		895074D22A02BA6000C1505C /* Base */ = {isa = PBXFileReference; lastKnownFileType = file.storyboard; name = Base; path = Base.lproj/LaunchScreen.storyboard; sourceTree = "<group>"; };
		895074D42A02BA6000C1505C /* Info.plist */ = {isa = PBXFileReference; lastKnownFileType = text.plist.xml; path = Info.plist; sourceTree = "<group>"; };
/* End PBXFileReference section */

/* Begin PBXFrameworksBuildPhase section */
		895074BD2A02BA5F00C1505C /* Frameworks */ = {
			isa = PBXFrameworksBuildPhase;
			buildActionMask = 2147483647;
			files = (
			);
			runOnlyForDeploymentPostprocessing = 0;
		};
/* End PBXFrameworksBuildPhase section */

/* Begin PBXGroup section */
		895074B72A02BA5F00C1505C = {
			isa = PBXGroup;
			children = (
				895074C22A02BA5F00C1505C /* iSwiftNews */,
				895074C12A02BA5F00C1505C /* Products */,
			);
			sourceTree = "<group>";
		};
		895074C12A02BA5F00C1505C /* Products */ = {
			isa = PBXGroup;
			children = (
				895074C02A02BA5F00C1505C /* iSwiftNews.app */,
			);
			name = Products;
			sourceTree = "<group>";
		};
		895074C22A02BA5F00C1505C /* iSwiftNews */ = {
			isa = PBXGroup;
			children = (
				895074C32A02BA5F00C1505C /* AppDelegate.swift */,
				895074C52A02BA5F00C1505C /* SceneDelegate.swift */,
				895074C72A02BA5F00C1505C /* ViewController.swift */,
				895074C92A02BA5F00C1505C /* Main.storyboard */,
				895074CF2A02BA6000C1505C /* Assets.xcassets */,
				895074D12A02BA6000C1505C /* LaunchScreen.storyboard */,
				895074D42A02BA6000C1505C /* Info.plist */,
				895074CC2A02BA5F00C1505C /* iSwiftNews.xcdatamodeld */,
			);
			path = iSwiftNews;
			sourceTree = "<group>";
		};
/* End PBXGroup section */

/* Begin PBXNativeTarget section */
		895074BF2A02BA5F00C1505C /* iSwiftNews */ = {
			isa = PBXNativeTarget;
			buildConfigurationList = 895074D72A02BA6000C1505C /* Build configuration list for PBXNativeTarget "iSwiftNews" */;
			buildPhases = (
				895074BC2A02BA5F00C1505C /* Sources */,
				895074BD2A02BA5F00C1505C /* Frameworks */,
				895074BE2A02BA5F00C1505C /* Resources */,
			);
			buildRules = (
			);
			dependencies = (
			);
			name = iSwiftNews;
			productName = iSwiftNews;
			productReference = 895074C02A02BA5F00C1505C /* iSwiftNews.app */;
			productType = "com.apple.product-type.application";
		};
/* End PBXNativeTarget section */

/* Begin PBXProject section */
		895074B82A02BA5F00C1505C /* Project object */ = {
			isa = PBXProject;
			attributes = {
				BuildIndependentTargetsInParallel = 1;
				LastSwiftUpdateCheck = 1430;
				LastUpgradeCheck = 1430;
				TargetAttributes = {
					895074BF2A02BA5F00C1505C = {
						CreatedOnToolsVersion = 14.3;
					};
				};
			};
			buildConfigurationList = 895074BB2A02BA5F00C1505C /* Build configuration list for PBXProject "iSwiftNews" */;
			compatibilityVersion = "Xcode 14.0";
			developmentRegion = en;
			hasScannedForEncodings = 0;
			knownRegions = (
				en,
				Base,
			);
			mainGroup = 895074B72A02BA5F00C1505C;
			productRefGroup = 895074C12A02BA5F00C1505C /* Products */;
			projectDirPath = "";
			projectRoot = "";
			targets = (
				895074BF2A02BA5F00C1505C /* iSwiftNews */,
			);
		};
/* End PBXProject section */

/* Begin PBXResourcesBuildPhase section */
		895074BE2A02BA5F00C1505C /* Resources */ = {
			isa = PBXResourcesBuildPhase;
			buildActionMask = 2147483647;
			files = (
				895074D32A02BA6000C1505C /* LaunchScreen.storyboard in Resources */,
				895074D02A02BA6000C1505C /* Assets.xcassets in Resources */,
				895074CB2A02BA5F00C1505C /* Main.storyboard in Resources */,
			);
			runOnlyForDeploymentPostprocessing = 0;
		};
/* End PBXResourcesBuildPhase section */

/* Begin PBXSourcesBuildPhase section */
		895074BC2A02BA5F00C1505C /* Sources */ = {
			isa = PBXSourcesBuildPhase;
			buildActionMask = 2147483647;
			files = (
				895074C82A02BA5F00C1505C /* ViewController.swift in Sources */,
				895074C42A02BA5F00C1505C /* AppDelegate.swift in Sources */,
				895074CE2A02BA5F00C1505C /* iSwiftNews.xcdatamodeld in Sources */,
				895074C62A02BA5F00C1505C /* SceneDelegate.swift in Sources */,
			);
			runOnlyForDeploymentPostprocessing = 0;
		};
/* End PBXSourcesBuildPhase section */

/* Begin PBXVariantGroup section */
		895074C92A02BA5F00C1505C /* Main.storyboard */ = {
			isa = PBXVariantGroup;
			children = (
				895074CA2A02BA5F00C1505C /* Base */,
			);
			name = Main.storyboard;
			sourceTree = "<group>";
		};
		895074D12A02BA6000C1505C /* LaunchScreen.storyboard */ = {
			isa = PBXVariantGroup;
			children = (
				895074D22A02BA6000C1505C /* Base */,
			);
			name = LaunchScreen.storyboard;
			sourceTree = "<group>";
		};
/* End PBXVariantGroup section */

/* Begin XCBuildConfiguration section */
		895074D52A02BA6000C1505C /* Debug */ = {
			isa = XCBuildConfiguration;
			buildSettings = {
				ALWAYS_SEARCH_USER_PATHS = NO;
				CLANG_ANALYZER_NONNULL = YES;
				CLANG_ANALYZER_NUMBER_OBJECT_CONVERSION = YES_AGGRESSIVE;
				CLANG_CXX_LANGUAGE_STANDARD = "gnu++20";
				CLANG_ENABLE_MODULES = YES;
				CLANG_ENABLE_OBJC_ARC = YES;
				CLANG_ENABLE_OBJC_WEAK = YES;
				CLANG_WARN_BLOCK_CAPTURE_AUTORELEASING = YES;
				CLANG_WARN_BOOL_CONVERSION = YES;
				CLANG_WARN_COMMA = YES;
				CLANG_WARN_CONSTANT_CONVERSION = YES;
				CLANG_WARN_DEPRECATED_OBJC_IMPLEMENTATIONS = YES;
				CLANG_WARN_DIRECT_OBJC_ISA_USAGE = YES_ERROR;
				CLANG_WARN_DOCUMENTATION_COMMENTS = YES;
				CLANG_WARN_EMPTY_BODY = YES;
				CLANG_WARN_ENUM_CONVERSION = YES;
				CLANG_WARN_INFINITE_RECURSION = YES;
				CLANG_WARN_INT_CONVERSION = YES;
				CLANG_WARN_NON_LITERAL_NULL_CONVERSION = YES;
				CLANG_WARN_OBJC_IMPLICIT_RETAIN_SELF = YES;
				CLANG_WARN_OBJC_LITERAL_CONVERSION = YES;
				CLANG_WARN_OBJC_ROOT_CLASS = YES_ERROR;
				CLANG_WARN_QUOTED_INCLUDE_IN_FRAMEWORK_HEADER = YES;
				CLANG_WARN_RANGE_LOOP_ANALYSIS = YES;
				CLANG_WARN_STRICT_PROTOTYPES = YES;
				CLANG_WARN_SUSPICIOUS_MOVE = YES;
				CLANG_WARN_UNGUARDED_AVAILABILITY = YES_AGGRESSIVE;
				CLANG_WARN_UNREACHABLE_CODE = YES;
				CLANG_WARN__DUPLICATE_METHOD_MATCH = YES;
				COPY_PHASE_STRIP = NO;
				DEBUG_INFORMATION_FORMAT = dwarf;
				ENABLE_STRICT_OBJC_MSGSEND = YES;
				ENABLE_TESTABILITY = YES;
				GCC_C_LANGUAGE_STANDARD = gnu11;
				GCC_DYNAMIC_NO_PIC = NO;
				GCC_NO_COMMON_BLOCKS = YES;
				GCC_OPTIMIZATION_LEVEL = 0;
				GCC_PREPROCESSOR_DEFINITIONS = (
					"DEBUG=1",
					"$(inherited)",
				);
				GCC_WARN_64_TO_32_BIT_CONVERSION = YES;
				GCC_WARN_ABOUT_RETURN_TYPE = YES_ERROR;
				GCC_WARN_UNDECLARED_SELECTOR = YES;
				GCC_WARN_UNINITIALIZED_AUTOS = YES_AGGRESSIVE;
				GCC_WARN_UNUSED_FUNCTION = YES;
				GCC_WARN_UNUSED_VARIABLE = YES;
				IPHONEOS_DEPLOYMENT_TARGET = 16.4;
				MTL_ENABLE_DEBUG_INFO = INCLUDE_SOURCE;
				MTL_FAST_MATH = YES;
				ONLY_ACTIVE_ARCH = YES;
				SDKROOT = iphoneos;
				SWIFT_ACTIVE_COMPILATION_CONDITIONS = DEBUG;
				SWIFT_OPTIMIZATION_LEVEL = "-Onone";
			};
			name = Debug;
		};
		895074D62A02BA6000C1505C /* Release */ = {
			isa = XCBuildConfiguration;
			buildSettings = {
				ALWAYS_SEARCH_USER_PATHS = NO;
				CLANG_ANALYZER_NONNULL = YES;
				CLANG_ANALYZER_NUMBER_OBJECT_CONVERSION = YES_AGGRESSIVE;
				CLANG_CXX_LANGUAGE_STANDARD = "gnu++20";
				CLANG_ENABLE_MODULES = YES;
				CLANG_ENABLE_OBJC_ARC = YES;
				CLANG_ENABLE_OBJC_WEAK = YES;
				CLANG_WARN_BLOCK_CAPTURE_AUTORELEASING = YES;
				CLANG_WARN_BOOL_CONVERSION = YES;
				CLANG_WARN_COMMA = YES;
				CLANG_WARN_CONSTANT_CONVERSION = YES;
				CLANG_WARN_DEPRECATED_OBJC_IMPLEMENTATIONS = YES;
				CLANG_WARN_DIRECT_OBJC_ISA_USAGE = YES_ERROR;
				CLANG_WARN_DOCUMENTATION_COMMENTS = YES;
				CLANG_WARN_EMPTY_BODY = YES;
				CLANG_WARN_ENUM_CONVERSION = YES;
				CLANG_WARN_INFINITE_RECURSION = YES;
				CLANG_WARN_INT_CONVERSION = YES;
				CLANG_WARN_NON_LITERAL_NULL_CONVERSION = YES;
				CLANG_WARN_OBJC_IMPLICIT_RETAIN_SELF = YES;
				CLANG_WARN_OBJC_LITERAL_CONVERSION = YES;
				CLANG_WARN_OBJC_ROOT_CLASS = YES_ERROR;
				CLANG_WARN_QUOTED_INCLUDE_IN_FRAMEWORK_HEADER = YES;
				CLANG_WARN_RANGE_LOOP_ANALYSIS = YES;
				CLANG_WARN_STRICT_PROTOTYPES = YES;
				CLANG_WARN_SUSPICIOUS_MOVE = YES;
				CLANG_WARN_UNGUARDED_AVAILABILITY = YES_AGGRESSIVE;
				CLANG_WARN_UNREACHABLE_CODE = YES;
				CLANG_WARN__DUPLICATE_METHOD_MATCH = YES;
				COPY_PHASE_STRIP = NO;
				DEBUG_INFORMATION_FORMAT = "dwarf-with-dsym";
				ENABLE_NS_ASSERTIONS = NO;
				ENABLE_STRICT_OBJC_MSGSEND = YES;
				GCC_C_LANGUAGE_STANDARD = gnu11;
				GCC_NO_COMMON_BLOCKS = YES;
				GCC_WARN_64_TO_32_BIT_CONVERSION = YES;
				GCC_WARN_ABOUT_RETURN_TYPE = YES_ERROR;
				GCC_WARN_UNDECLARED_SELECTOR = YES;
				GCC_WARN_UNINITIALIZED_AUTOS = YES_AGGRESSIVE;
				GCC_WARN_UNUSED_FUNCTION = YES;
				GCC_WARN_UNUSED_VARIABLE = YES;
				IPHONEOS_DEPLOYMENT_TARGET = 16.4;
				MTL_ENABLE_DEBUG_INFO = NO;
				MTL_FAST_MATH = YES;
				SDKROOT = iphoneos;
				SWIFT_COMPILATION_MODE = wholemodule;
				SWIFT_OPTIMIZATION_LEVEL = "-O";
				VALIDATE_PRODUCT = YES;
			};
			name = Release;
		};
		895074D82A02BA6000C1505C /* Debug */ = {
			isa = XCBuildConfiguration;
			buildSettings = {
				ASSETCATALOG_COMPILER_APPICON_NAME = AppIcon;
				ASSETCATALOG_COMPILER_GLOBAL_ACCENT_COLOR_NAME = AccentColor;
				CODE_SIGN_STYLE = Automatic;
				CURRENT_PROJECT_VERSION = 1;
				DEVELOPMENT_TEAM = 548G9738L7;
				GENERATE_INFOPLIST_FILE = YES;
				INFOPLIST_FILE = iSwiftNews/Info.plist;
				INFOPLIST_KEY_UIApplicationSupportsIndirectInputEvents = YES;
				INFOPLIST_KEY_UILaunchStoryboardName = LaunchScreen;
				INFOPLIST_KEY_UIMainStoryboardFile = Main;
				INFOPLIST_KEY_UISupportedInterfaceOrientations_iPad = "UIInterfaceOrientationPortrait UIInterfaceOrientationPortraitUpsideDown UIInterfaceOrientationLandscapeLeft UIInterfaceOrientationLandscapeRight";
				INFOPLIST_KEY_UISupportedInterfaceOrientations_iPhone = "UIInterfaceOrientationPortrait UIInterfaceOrientationLandscapeLeft UIInterfaceOrientationLandscapeRight";
				LD_RUNPATH_SEARCH_PATHS = (
					"$(inherited)",
					"@executable_path/Frameworks",
				);
				MARKETING_VERSION = 1.0;
				PRODUCT_BUNDLE_IDENTIFIER = com.billgufran.iSwiftNews;
				PRODUCT_NAME = "$(TARGET_NAME)";
				SWIFT_EMIT_LOC_STRINGS = YES;
				SWIFT_VERSION = 5.0;
				TARGETED_DEVICE_FAMILY = "1,2";
			};
			name = Debug;
		};
		895074D92A02BA6000C1505C /* Release */ = {
			isa = XCBuildConfiguration;
			buildSettings = {
				ASSETCATALOG_COMPILER_APPICON_NAME = AppIcon;
				ASSETCATALOG_COMPILER_GLOBAL_ACCENT_COLOR_NAME = AccentColor;
				CODE_SIGN_STYLE = Automatic;
				CURRENT_PROJECT_VERSION = 1;
				DEVELOPMENT_TEAM = 548G9738L7;
				GENERATE_INFOPLIST_FILE = YES;
				INFOPLIST_FILE = iSwiftNews/Info.plist;
				INFOPLIST_KEY_UIApplicationSupportsIndirectInputEvents = YES;
				INFOPLIST_KEY_UILaunchStoryboardName = LaunchScreen;
				INFOPLIST_KEY_UIMainStoryboardFile = Main;
				INFOPLIST_KEY_UISupportedInterfaceOrientations_iPad = "UIInterfaceOrientationPortrait UIInterfaceOrientationPortraitUpsideDown UIInterfaceOrientationLandscapeLeft UIInterfaceOrientationLandscapeRight";
				INFOPLIST_KEY_UISupportedInterfaceOrientations_iPhone = "UIInterfaceOrientationPortrait UIInterfaceOrientationLandscapeLeft UIInterfaceOrientationLandscapeRight";
				LD_RUNPATH_SEARCH_PATHS = (
					"$(inherited)",
					"@executable_path/Frameworks",
				);
				MARKETING_VERSION = 1.0;
				PRODUCT_BUNDLE_IDENTIFIER = com.billgufran.iSwiftNews;
				PRODUCT_NAME = "$(TARGET_NAME)";
				SWIFT_EMIT_LOC_STRINGS = YES;
				SWIFT_VERSION = 5.0;
				TARGETED_DEVICE_FAMILY = "1,2";
			};
			name = Release;
		};
/* End XCBuildConfiguration section */

/* Begin XCConfigurationList section */
		895074BB2A02BA5F00C1505C /* Build configuration list for PBXProject "iSwiftNews" */ = {
			isa = XCConfigurationList;
			buildConfigurations = (
				895074D52A02BA6000C1505C /* Debug */,
				895074D62A02BA6000C1505C /* Release */,
			);
			defaultConfigurationIsVisible = 0;
			defaultConfigurationName = Release;
		};
		895074D72A02BA6000C1505C /* Build configuration list for PBXNativeTarget "iSwiftNews" */ = {
			isa = XCConfigurationList;
			buildConfigurations = (
				895074D82A02BA6000C1505C /* Debug */,
				895074D92A02BA6000C1505C /* Release */,
			);
			defaultConfigurationIsVisible = 0;
			defaultConfigurationName = Release;
		};
/* End XCConfigurationList section */

/* Begin XCVersionGroup section */
		895074CC2A02BA5F00C1505C /* iSwiftNews.xcdatamodeld */ = {
			isa = XCVersionGroup;
			children = (
				895074CD2A02BA5F00C1505C /* iSwiftNews.xcdatamodel */,
			);
			currentVersion = 895074CD2A02BA5F00C1505C /* iSwiftNews.xcdatamodel */;
			path = iSwiftNews.xcdatamodeld;
			sourceTree = "<group>";
			versionGroupType = wrapper.xcdatamodel;
		};
/* End XCVersionGroup section */
	};
	rootObject = 895074B82A02BA5F00C1505C /* Project object */;
}
